<Project xmlns="http://schemas.microsoft.com/developer/msbuild/2003">
    <PropertyGroup>
        <ProjectGuid>{D30278BC-B6C2-4D4F-B1D7-AD3E3218C836}</ProjectGuid>
        <ProjectVersion>14.3</ProjectVersion>
        <FrameworkType>VCL</FrameworkType>
        <MainSource>APTAccessManager.dpr</MainSource>
        <Base>True</Base>
        <Config Condition="'$(Config)'==''">Debug</Config>
        <Platform Condition="'$(Platform)'==''">Win32</Platform>
        <TargetedPlatforms>1</TargetedPlatforms>
        <AppType>Application</AppType>
    </PropertyGroup>
    <PropertyGroup Condition="'$(Config)'=='Base' or '$(Base)'!=''">
        <Base>true</Base>
    </PropertyGroup>
    <PropertyGroup Condition="('$(Platform)'=='Win32' and '$(Base)'=='true') or '$(Base_Win32)'!=''">
        <Base_Win32>true</Base_Win32>
        <CfgParent>Base</CfgParent>
        <Base>true</Base>
    </PropertyGroup>
    <PropertyGroup Condition="('$(Platform)'=='Win64' and '$(Base)'=='true') or '$(Base_Win64)'!=''">
        <Base_Win64>true</Base_Win64>
        <CfgParent>Base</CfgParent>
        <Base>true</Base>
    </PropertyGroup>
    <PropertyGroup Condition="'$(Config)'=='Debug' or '$(Cfg_1)'!=''">
        <Cfg_1>true</Cfg_1>
        <CfgParent>Base</CfgParent>
        <Base>true</Base>
    </PropertyGroup>
    <PropertyGroup Condition="('$(Platform)'=='Win32' and '$(Cfg_1)'=='true') or '$(Cfg_1_Win32)'!=''">
        <Cfg_1_Win32>true</Cfg_1_Win32>
        <CfgParent>Cfg_1</CfgParent>
        <Cfg_1>true</Cfg_1>
        <Base>true</Base>
    </PropertyGroup>
    <PropertyGroup Condition="'$(Config)'=='Release' or '$(Cfg_2)'!=''">
        <Cfg_2>true</Cfg_2>
        <CfgParent>Base</CfgParent>
        <Base>true</Base>
    </PropertyGroup>
    <PropertyGroup Condition="('$(Platform)'=='Win32' and '$(Cfg_2)'=='true') or '$(Cfg_2_Win32)'!=''">
        <Cfg_2_Win32>true</Cfg_2_Win32>
        <CfgParent>Cfg_2</CfgParent>
        <Cfg_2>true</Cfg_2>
        <Base>true</Base>
    </PropertyGroup>
    <PropertyGroup Condition="'$(Base)'!=''">
        <DCC_Namespace>System;Xml;Data;Datasnap;Web;Soap;Vcl;Vcl.Imaging;Vcl.Touch;Vcl.Samples;Vcl.Shell;$(DCC_Namespace)</DCC_Namespace>
        <Icon_MainIcon>$(BDS)\bin\delphi_PROJECTICON.ico</Icon_MainIcon>
        <DCC_UsePackage>fmx;IndySystem;DBXInterBaseDriver;DataSnapCommon;DataSnapClient;DataSnapServer;DataSnapProviderClient;DbxCommonDriver;dbxcds;DBXOracleDriver;dsnap;IndyCore;fmxase;CloudService;inetdbxpress;IPIndyImpl;bindcompfmx;rtl;dbrtl;DbxClientDriver;bindcomp;inetdb;xmlrtl;ibxpress;IndyProtocols;DBXMySQLDriver;soaprtl;bindengine;DBXInformixDriver;DBXFirebirdDriver;inet;fmxobj;DBXSybaseASADriver;fmxdae;dbexpress;DataSnapIndy10ServerTransport;$(DCC_UsePackage)</DCC_UsePackage>
        <DCC_DcuOutput>.\$(Platform)\$(Config)</DCC_DcuOutput>
        <DCC_ExeOutput>.\$(Platform)\$(Config)</DCC_ExeOutput>
    </PropertyGroup>
    <PropertyGroup Condition="'$(Base_Win32)'!=''">
        <DCC_UsePackage>JvGlobus;JvMM;JvManagedThreads;JvDlgs;JvCrypt;TeeDB;Rave100VCL;vclib;inetdbbde;JvNet;JvDotNetCtrls;DBXSybaseASEDriver;vclimg;fmi;RyuLib;JvXPCtrls;AsyncPro;vcldb;vcldsnap;DBXDb2Driver;Intraweb_120_160;JvCore;vclribbon;vcl;DBXMSSQLDriver;CodeSiteExpressPkg;FmxTeeUI;tmsexdxe2;JvAppFrm;JvDB;JvRuntimeDesign;tmsdxe2;webdsnap;JclDeveloperTools;JvDocking;adortl;JvWizards;JvHMI;JvBands;vcldbx;JvPluginSystem;Tee;JclContainers;DBXOdbcDriver;JvCmp;JvSystem;svnui;JvTimeFramework;JvControls;intrawebdb_120_160;vclactnband;FMXTee;TeeUI;JvJans;bindcompvcl;JvStdCtrls;JvCustom;Jcl;vclie;JvPageComps;JvPrintPreview;tmsxlsdxe2;vcltouch;websnap;VclSmp;DataSnapConnectors;dsnapcon;JclVcl;JvPascalInterpreter;vclx;tmswizdxe2;svn;bdertl;VirtualTreesR;JvBDE;$(DCC_UsePackage)</DCC_UsePackage>
        <VerInfo_IncludeVerInfo>true</VerInfo_IncludeVerInfo>
        <DCC_Namespace>Winapi;System.Win;Data.Win;Datasnap.Win;Web.Win;Soap.Win;Xml.Win;Bde;$(DCC_Namespace)</DCC_Namespace>
        <VerInfo_Locale>1033</VerInfo_Locale>
        <Manifest_File>$(BDS)\bin\default_app.manifest</Manifest_File>
        <VerInfo_Keys>CompanyName=;FileDescription=;FileVersion=1.0.0.0;InternalName=;LegalCopyright=;LegalTrademarks=;OriginalFilename=;ProductName=;ProductVersion=1.0.0.0;Comments=</VerInfo_Keys>
    </PropertyGroup>
    <PropertyGroup Condition="'$(Base_Win64)'!=''">
        <DCC_UsePackage>TeeDB;vclib;DBXSybaseASEDriver;vclimg;vcldb;vcldsnap;DBXDb2Driver;vcl;DBXMSSQLDriver;webdsnap;adortl;Tee;DBXOdbcDriver;vclactnband;TeeUI;bindcompvcl;vclie;vcltouch;websnap;VclSmp;DataSnapConnectors;dsnapcon;vclx;$(DCC_UsePackage)</DCC_UsePackage>
    </PropertyGroup>
    <PropertyGroup Condition="'$(Cfg_1)'!=''">
        <DCC_Define>DEBUG;$(DCC_Define)</DCC_Define>
        <DCC_Optimize>false</DCC_Optimize>
        <DCC_GenerateStackFrames>true</DCC_GenerateStackFrames>
        <DCC_DebugInfoInExe>true</DCC_DebugInfoInExe>
        <DCC_RemoteDebug>true</DCC_RemoteDebug>
    </PropertyGroup>
    <PropertyGroup Condition="'$(Cfg_1_Win32)'!=''">
        <Manifest_File>..\..\..\[Component]\manifest\app.manifest</Manifest_File>
        <Icon_MainIcon>APTAccessManager_Icon1.ico</Icon_MainIcon>
        <VerInfo_Build>11</VerInfo_Build>
        <VerInfo_Keys>CompanyName=;FileDescription=;FileVersion=1.0.0.11;InternalName=;LegalCopyright=;LegalTrademarks=;OriginalFilename=;ProductName=;ProductVersion=1.0.0.0;Comments=</VerInfo_Keys>
        <VerInfo_IncludeVerInfo>true</VerInfo_IncludeVerInfo>
        <VerInfo_Locale>1033</VerInfo_Locale>
        <DCC_RemoteDebug>false</DCC_RemoteDebug>
    </PropertyGroup>
    <PropertyGroup Condition="'$(Cfg_2)'!=''">
        <DCC_LocalDebugSymbols>false</DCC_LocalDebugSymbols>
        <DCC_Define>RELEASE;$(DCC_Define)</DCC_Define>
        <DCC_SymbolReferenceInfo>0</DCC_SymbolReferenceInfo>
        <DCC_DebugInformation>false</DCC_DebugInformation>
    </PropertyGroup>
    <PropertyGroup Condition="'$(Cfg_2_Win32)'!=''">
        <Manifest_File>..\..\..\[Component]\manifest\app.manifest</Manifest_File>
        <VerInfo_Build>15</VerInfo_Build>
        <VerInfo_Keys>CompanyName=;FileDescription=;FileVersion=1.0.0.15;InternalName=;LegalCopyright=;LegalTrademarks=;OriginalFilename=;ProductName=;ProductVersion=1.0.0.0;Comments=</VerInfo_Keys>
        <Icon_MainIcon>APTAccessManager_Icon2.ico</Icon_MainIcon>
        <VerInfo_IncludeVerInfo>true</VerInfo_IncludeVerInfo>
        <VerInfo_Locale>1033</VerInfo_Locale>
    </PropertyGroup>
    <ItemGroup>
        <DelphiCompile Include="$(MainSource)">
            <MainSource>MainSource</MainSource>
        </DelphiCompile>
        <DCCReference Include="fmMain\uMain.pas">
            <Form>fmMain</Form>
            <FormType>dfm</FormType>
        </DCCReference>
        <DCCReference Include="..\lib\DataBase\uDataBase.pas">
            <Form>dmDataBase</Form>
            <FormType>dfm</FormType>
            <DesignClass>TDataModule</DesignClass>
        </DCCReference>
        <DCCReference Include="..\lib\DataBase\uDataBaseConfig.pas">
            <Form>fmDataBaseConfig</Form>
            <FormType>dfm</FormType>
        </DCCReference>
        <DCCReference Include="..\lib\common\uCommonVariable.pas"/>
        <DCCReference Include="..\lib\common\DIMime.pas"/>
        <DCCReference Include="fmLogin\uLogin.pas">
            <Form>fmLogin</Form>
        </DCCReference>
        <DCCReference Include="fmDataBaseBackup\uDataBaseBackup.pas">
            <Form>fmDataBaseBackup</Form>
        </DCCReference>
        <DCCReference Include="..\lib\common\uFunction.pas"/>
        <DCCReference Include="..\lib\DeviceNetwork\uDeviceControlCenter.pas">
            <Form>dmDeviceControlCenter</Form>
            <FormType>dfm</FormType>
            <DesignClass>TDataModule</DesignClass>
        </DCCReference>
        <DCCReference Include="..\lib\DeviceNetwork\uControler.pas">
            <Form>dmControler</Form>
            <FormType>dfm</FormType>
            <DesignClass>TDataModule</DesignClass>
        </DCCReference>
        <DCCReference Include="..\lib\DeviceNetwork\uDevicePacket.pas"/>
        <DCCReference Include="fmAreaCodeAdmin\uAreaCodeAdmin.pas">
            <Form>fmAreaCodeAdmin</Form>
            <FormType>dfm</FormType>
        </DCCReference>
        <DCCReference Include="..\lib\common\uFormUtil.pas"/>
        <DCCReference Include="..\lib\common\uSubForm.pas">
            <Form>fmASubForm</Form>
        </DCCReference>
        <DCCReference Include="fmAlarmReport\uAlarmReport.pas">
            <Form>fmAlarmReport</Form>
        </DCCReference>
        <DCCReference Include="..\lib\common\uMessage.pas"/>
        <DCCReference Include="fmPermitCodeAdmin\uPermitCodeAdmin.pas">
            <Form>fmPermitCodeAdmin</Form>
        </DCCReference>
        <DCCReference Include="fmNodeAdmin\uNodeAdmin.pas">
            <Form>fmNodeAdmin</Form>
        </DCCReference>
        <DCCReference Include="fmConfigSetting\uConfigSetting.pas">
            <Form>fmConfigSetting</Form>
        </DCCReference>
        <DCCReference Include="fmDoorAdmin\uDoorAdmin.pas">
            <Form>fmDoorAdmin</Form>
        </DCCReference>
        <DCCReference Include="fmBuildingCodeAdmin\uBuildingCodeAdmin.pas">
            <Form>fmBuildingCodeAdmin</Form>
        </DCCReference>
        <DCCReference Include="..\lib\DeviceNetwork\udmCardPermit.pas">
            <Form>dmCardPermit</Form>
            <FormType>dfm</FormType>
            <DesignClass>TDataModule</DesignClass>
        </DCCReference>
        <DCCReference Include="fmCardAdmin\uCardAdmin.pas">
            <Form>fmCardAdmin</Form>
        </DCCReference>
        <DCCReference Include="fmPersonCardPermit\uPersonCardPermit.pas">
            <Form>fmPersonCardPermit</Form>
        </DCCReference>
        <DCCReference Include="fmDoorCardPermit\uDoorCardPermit.pas">
            <Form>fmDoorCardPermit</Form>
        </DCCReference>
        <DCCReference Include="fmDevicePwAdmin\uDevicePwAdmin.pas">
            <Form>fmDevicePwAdmin</Form>
        </DCCReference>
        <DCCReference Include="fmDeviceComMonitoring\uDeviceComMonitoring.pas">
            <Form>fmDeviceComMonitoring</Form>
        </DCCReference>
        <DCCReference Include="..\lib\DataBase\uDBFunction.pas">
            <Form>dmDBFunction</Form>
            <FormType>dfm</FormType>
            <DesignClass>TDataModule</DesignClass>
        </DCCReference>
        <DCCReference Include="..\lib\Excel\uExcelSave.pas">
            <Form>dmExcelSave</Form>
            <DesignClass>TDataModule</DesignClass>
        </DCCReference>
        <DCCReference Include="fmMonitoring\uMonitoring.pas">
            <Form>fmMonitoring</Form>
        </DCCReference>
        <DCCReference Include="fmPWChange\uPwChange.pas">
            <Form>fmPwChange</Form>
        </DCCReference>
        <DCCReference Include="..\lib\common\systeminfos.pas"/>
        <DCCReference Include="..\lib\DataBase\uDBCreate.pas">
            <Form>dmDBCreate</Form>
            <FormType>dfm</FormType>
            <DesignClass>TDataModule</DesignClass>
        </DCCReference>
        <DCCReference Include="..\lib\DataBase\uDBInsert.pas">
            <Form>dmDBInsert</Form>
            <FormType>dfm</FormType>
            <DesignClass>TDataModule</DesignClass>
        </DCCReference>
        <DCCReference Include="fmDoorSchedule\uDoorSchedule.pas">
            <Form>fmDoorSchedule</Form>
        </DCCReference>
        <DCCReference Include="..\lib\DataBase\uDBUpdate.pas">
            <Form>dmDBUpdate</Form>
            <FormType>dfm</FormType>
            <DesignClass>TDataModule</DesignClass>
        </DCCReference>
        <DCCReference Include="..\lib\DataBase\uDBSelect.pas">
            <Form>dmDBSelect</Form>
            <FormType>dfm</FormType>
            <DesignClass>TDataModule</DesignClass>
        </DCCReference>
        <DCCReference Include="fmHoliday\uHolidayAdd.pas">
            <Form>fmHolidayAdd</Form>
        </DCCReference>
        <DCCReference Include="..\lib\DataBase\uDBDelete.pas">
            <Form>dmDBDelete</Form>
            <FormType>dfm</FormType>
            <DesignClass>TDataModule</DesignClass>
        </DCCReference>
        <DCCReference Include="..\lib\Date\uSolarLunar.pas"/>
        <DCCReference Include="..\lib\DeviceNetwork\uDeviceDoorSchedule.pas">
            <Form>dmDoorSchedule</Form>
            <FormType>dfm</FormType>
            <DesignClass>TDataModule</DesignClass>
        </DCCReference>
        <DCCReference Include="..\lib\DataBase\uDBFormName.pas">
            <Form>dmFormName</Form>
            <DesignClass>TDataModule</DesignClass>
        </DCCReference>
        <DCCReference Include="..\lib\common\uFormFontUtil.pas">
            <Form>dmFormFontUtil</Form>
            <DesignClass>TDataModule</DesignClass>
        </DCCReference>
        <DCCReference Include="fmNetConfig\uNetConfig.pas">
            <Form>fmNetConfig</Form>
        </DCCReference>
        <DCCReference Include="fmAccessReport\uAccessReport.pas">
            <Form>fmAccessReport</Form>
        </DCCReference>
        <BuildConfiguration Include="Release">
            <Key>Cfg_2</Key>
            <CfgParent>Base</CfgParent>
        </BuildConfiguration>
        <BuildConfiguration Include="Base">
            <Key>Base</Key>
        </BuildConfiguration>
        <BuildConfiguration Include="Debug">
            <Key>Cfg_1</Key>
            <CfgParent>Base</CfgParent>
        </BuildConfiguration>
    </ItemGroup>
    <ProjectExtensions>
        <Borland.Personality>Delphi.Personality.12</Borland.Personality>
        <Borland.ProjectType/>
        <BorlandProject>
            <Delphi.Personality>
                <VersionInfo>
                    <VersionInfo Name="IncludeVerInfo">False</VersionInfo>
                    <VersionInfo Name="AutoIncBuild">False</VersionInfo>
                    <VersionInfo Name="MajorVer">1</VersionInfo>
                    <VersionInfo Name="MinorVer">0</VersionInfo>
                    <VersionInfo Name="Release">0</VersionInfo>
                    <VersionInfo Name="Build">0</VersionInfo>
                    <VersionInfo Name="Debug">False</VersionInfo>
                    <VersionInfo Name="PreRelease">False</VersionInfo>
                    <VersionInfo Name="Special">False</VersionInfo>
                    <VersionInfo Name="Private">False</VersionInfo>
                    <VersionInfo Name="DLL">False</VersionInfo>
                    <VersionInfo Name="Locale">1042</VersionInfo>
                    <VersionInfo Name="CodePage">949</VersionInfo>
                </VersionInfo>
                <VersionInfoKeys>
                    <VersionInfoKeys Name="CompanyName"/>
                    <VersionInfoKeys Name="FileDescription"/>
                    <VersionInfoKeys Name="FileVersion">1.0.0.0</VersionInfoKeys>
                    <VersionInfoKeys Name="InternalName"/>
                    <VersionInfoKeys Name="LegalCopyright"/>
                    <VersionInfoKeys Name="LegalTrademarks"/>
                    <VersionInfoKeys Name="OriginalFilename"/>
                    <VersionInfoKeys Name="ProductName"/>
                    <VersionInfoKeys Name="ProductVersion">1.0.0.0</VersionInfoKeys>
                    <VersionInfoKeys Name="Comments"/>
                </VersionInfoKeys>
                <Excluded_Packages>
                    <Excluded_Packages Name="$(BDSBIN)\dcloffice2k170.bpl">Microsoft Office 2000 Sample Automation Server Wrapper Components</Excluded_Packages>
                    <Excluded_Packages Name="$(BDSBIN)\dclofficexp170.bpl">Microsoft Office XP Sample Automation Server Wrapper Components</Excluded_Packages>
                </Excluded_Packages>
                <Source>
                    <Source Name="MainSource">APTAccessManager.dpr</Source>
                </Source>
            </Delphi.Personality>
            <Deployment/>
            <Platforms>
                <Platform value="Win32">True</Platform>
                <Platform value="Win64">False</Platform>
            </Platforms>
        </BorlandProject>
        <ProjectFileVersion>12</ProjectFileVersion>
    </ProjectExtensions>
    <Import Condition="Exists('$(BDS)\Bin\CodeGear.Delphi.Targets')" Project="$(BDS)\Bin\CodeGear.Delphi.Targets"/>
    <Import Condition="Exists('$(APPDATA)\Embarcadero\$(BDSAPPDATABASEDIR)\$(PRODUCTVERSION)\UserTools.proj')" Project="$(APPDATA)\Embarcadero\$(BDSAPPDATABASEDIR)\$(PRODUCTVERSION)\UserTools.proj"/>
</Project>
